github.com/itsubaki/q v1.0.5 h1:E/eMEQj/1SJW2wL9kZJivU2olu3JeVGtKPnBG6oD4CY=
github.com/itsubaki/q v1.0.5/go.mod h1:vvIum0laeIjOjtt6vdeZ0woF83mFagyO/VBPnh/sJL4=
github.com/itsubaki/q v1.0.6-0.20211003051050-6b816c1b7981 h1:OHroVN2SkjC7r3WrXme3l6Ntn3/1NecwtWZM6c1p8AQ=
github.com/itsubaki/q v1.0.6-0.20211003051050-6b816c1b7981/go.mod h1:vvIum0laeIjOjtt6vdeZ0woF83mFagyO/VBPnh/sJL4=
